
Microsoft Visual Studio Solution File, Format Version 12.00
# Visual Studio Version 17
VisualStudioVersion = 17.6.33626.354
MinimumVisualStudioVersion = 10.0.40219.1
Project("{2150E333-8FDC-42A3-9474-1A3956D46DE8}") = "Tests", "Tests", "{1129973C-9412-4F74-80DE-C228E6D027D5}"
EndProject
Project("{9A19103F-16F7-4668-BE54-9A1E7A4F7556}") = "SoportaAI.Tests.Infrastructure", "src\Tests\SoportaAI.Tests.Infrastructure\SoportaAI.Tests.Infrastructure.csproj", "{AA8A601F-4217-45A0-86F6-E7AAECD65CB0}"
EndProject
Project("{9A19103F-16F7-4668-BE54-9A1E7A4F7556}") = "SoportaAI.Utils", "src\SoportaAI.Utils\SoportaAI.Utils.csproj", "{80F385EE-2EE2-4B78-9965-E51F49047A0B}"
EndProject
Project("{9A19103F-16F7-4668-BE54-9A1E7A4F7556}") = "SoportaAI.Domain", "src\SoportaAI.Domain\SoportaAI.Domain.csproj", "{FE921B0F-A9AF-4321-BA9B-190E60F32114}"
EndProject
Project("{9A19103F-16F7-4668-BE54-9A1E7A4F7556}") = "SoportaAI.Model", "src\SoportaAI.Model\SoportaAI.Model.csproj", "{2D1958A2-9247-4CC5-BDA0-6CC6F5D62854}"
EndProject
Project("{9A19103F-16F7-4668-BE54-9A1E7A4F7556}") = "SoportaAI.Infrastructure", "src\SoportaAI.Infrastructure\SoportaAI.Infrastructure.csproj", "{300D9008-2297-4142-93C8-BEFA2EF49D7D}"
EndProject
Project("{9A19103F-16F7-4668-BE54-9A1E7A4F7556}") = "SoportaAI.Api", "src\SoportaAI.Api\SoportaAI.Api.csproj", "{0EF2B64F-7ACF-479B-A506-500A740AA317}"
EndProject
Project("{FAE04EC0-301F-11D3-BF4B-00C04F79EFBC}") = "SoportaAI.DataAccess", "src\SoportaAI.DataAccess\SoportaAI.DataAccess.csproj", "{0F44749A-590E-4A37-8911-7284785A5448}"
EndProject
Project("{FAE04EC0-301F-11D3-BF4B-00C04F79EFBC}") = "SoportaAI.Configuration", "src\SoportaAI.Configuration\SoportaAI.Configuration.csproj", "{B42FE87E-7D78-4F1F-A225-E09F35039AE6}"
EndProject
Global
	GlobalSection(SolutionConfigurationPlatforms) = preSolution
		Debug|Any CPU = Debug|Any CPU
		Release|Any CPU = Release|Any CPU
	EndGlobalSection
	GlobalSection(ProjectConfigurationPlatforms) = postSolution
		{AA8A601F-4217-45A0-86F6-E7AAECD65CB0}.Debug|Any CPU.ActiveCfg = Debug|Any CPU
		{AA8A601F-4217-45A0-86F6-E7AAECD65CB0}.Debug|Any CPU.Build.0 = Debug|Any CPU
		{AA8A601F-4217-45A0-86F6-E7AAECD65CB0}.Release|Any CPU.ActiveCfg = Release|Any CPU
		{AA8A601F-4217-45A0-86F6-E7AAECD65CB0}.Release|Any CPU.Build.0 = Release|Any CPU
		{80F385EE-2EE2-4B78-9965-E51F49047A0B}.Debug|Any CPU.ActiveCfg = Debug|Any CPU
		{80F385EE-2EE2-4B78-9965-E51F49047A0B}.Debug|Any CPU.Build.0 = Debug|Any CPU
		{80F385EE-2EE2-4B78-9965-E51F49047A0B}.Release|Any CPU.ActiveCfg = Release|Any CPU
		{80F385EE-2EE2-4B78-9965-E51F49047A0B}.Release|Any CPU.Build.0 = Release|Any CPU
		{FE921B0F-A9AF-4321-BA9B-190E60F32114}.Debug|Any CPU.ActiveCfg = Debug|Any CPU
		{FE921B0F-A9AF-4321-BA9B-190E60F32114}.Debug|Any CPU.Build.0 = Debug|Any CPU
		{FE921B0F-A9AF-4321-BA9B-190E60F32114}.Release|Any CPU.ActiveCfg = Release|Any CPU
		{FE921B0F-A9AF-4321-BA9B-190E60F32114}.Release|Any CPU.Build.0 = Release|Any CPU
		{2D1958A2-9247-4CC5-BDA0-6CC6F5D62854}.Debug|Any CPU.ActiveCfg = Debug|Any CPU
		{2D1958A2-9247-4CC5-BDA0-6CC6F5D62854}.Debug|Any CPU.Build.0 = Debug|Any CPU
		{2D1958A2-9247-4CC5-BDA0-6CC6F5D62854}.Release|Any CPU.ActiveCfg = Release|Any CPU
		{2D1958A2-9247-4CC5-BDA0-6CC6F5D62854}.Release|Any CPU.Build.0 = Release|Any CPU
		{300D9008-2297-4142-93C8-BEFA2EF49D7D}.Debug|Any CPU.ActiveCfg = Debug|Any CPU
		{300D9008-2297-4142-93C8-BEFA2EF49D7D}.Debug|Any CPU.Build.0 = Debug|Any CPU
		{300D9008-2297-4142-93C8-BEFA2EF49D7D}.Release|Any CPU.ActiveCfg = Release|Any CPU
		{300D9008-2297-4142-93C8-BEFA2EF49D7D}.Release|Any CPU.Build.0 = Release|Any CPU
		{0EF2B64F-7ACF-479B-A506-500A740AA317}.Debug|Any CPU.ActiveCfg = Debug|Any CPU
		{0EF2B64F-7ACF-479B-A506-500A740AA317}.Debug|Any CPU.Build.0 = Debug|Any CPU
		{0EF2B64F-7ACF-479B-A506-500A740AA317}.Release|Any CPU.ActiveCfg = Release|Any CPU
		{0EF2B64F-7ACF-479B-A506-500A740AA317}.Release|Any CPU.Build.0 = Release|Any CPU
		{0F44749A-590E-4A37-8911-7284785A5448}.Debug|Any CPU.ActiveCfg = Debug|Any CPU
		{0F44749A-590E-4A37-8911-7284785A5448}.Debug|Any CPU.Build.0 = Debug|Any CPU
		{0F44749A-590E-4A37-8911-7284785A5448}.Release|Any CPU.ActiveCfg = Release|Any CPU
		{0F44749A-590E-4A37-8911-7284785A5448}.Release|Any CPU.Build.0 = Release|Any CPU
		{B42FE87E-7D78-4F1F-A225-E09F35039AE6}.Debug|Any CPU.ActiveCfg = Debug|Any CPU
		{B42FE87E-7D78-4F1F-A225-E09F35039AE6}.Debug|Any CPU.Build.0 = Debug|Any CPU
		{B42FE87E-7D78-4F1F-A225-E09F35039AE6}.Release|Any CPU.ActiveCfg = Release|Any CPU
		{B42FE87E-7D78-4F1F-A225-E09F35039AE6}.Release|Any CPU.Build.0 = Release|Any CPU
	EndGlobalSection
	GlobalSection(SolutionProperties) = preSolution
		HideSolutionNode = FALSE
	EndGlobalSection
	GlobalSection(NestedProjects) = preSolution
		{AA8A601F-4217-45A0-86F6-E7AAECD65CB0} = {1129973C-9412-4F74-80DE-C228E6D027D5}
	EndGlobalSection
	GlobalSection(ExtensibilityGlobals) = postSolution
		SolutionGuid = {2C1EDF3F-6B16-4A20-AD37-3FA30081F549}
	EndGlobalSection
EndGlobal
